
Microsoft Visual Studio Solution File, Format Version 12.00
# Visual Studio Version 17
VisualStudioVersion = 17.0.31903.59
MinimumVisualStudioVersion = 10.0.40219.1
Project("{2150E333-8FDC-42A3-9474-1A3956D46DE8}") = "Core", "Core", "{FBF56CC3-7AE6-AD2D-3F14-7F97FD322CD6}"
EndProject
Project("{FAE04EC0-301F-11D3-BF4B-00C04F79EFBC}") = "PPA.Core", "Core\PPA.Core\PPA.Core.csproj", "{8AA43F75-0CA6-491E-9B80-44240B914B43}"
EndProject
Project("{FAE04EC0-301F-11D3-BF4B-00C04F79EFBC}") = "PPA.Business", "Core\PPA.Business\PPA.Business.csproj", "{B41EAEFE-6D62-48E9-8A6C-B5E804C324DF}"
EndProject
Project("{2150E333-8FDC-42A3-9474-1A3956D46DE8}") = "Adapters", "Adapters", "{09DF2EE5-5FE7-3EC7-59CB-CAD7E0928979}"
EndProject
Project("{FAE04EC0-301F-11D3-BF4B-00C04F79EFBC}") = "PPA.Adapter.PowerPoint", "Adapters\PPA.Adapter.PowerPoint\PPA.Adapter.PowerPoint.csproj", "{080426A2-CC26-4402-8C22-230C5B1AB6D5}"
EndProject
Project("{FAE04EC0-301F-11D3-BF4B-00C04F79EFBC}") = "PPA.Adapter.WPS", "Adapters\PPA.Adapter.WPS\PPA.Adapter.WPS.csproj", "{9A65D098-BB5F-487F-B91A-4C782684CE85}"
EndProject
Project("{2150E333-8FDC-42A3-9474-1A3956D46DE8}") = "Hosts", "Hosts", "{2F3EF1A3-B2B0-B28C-122D-FFB85167A4CE}"
EndProject
Project("{FAE04EC0-301F-11D3-BF4B-00C04F79EFBC}") = "PPA.Universal", "Hosts\PPA.Universal\PPA.Universal.csproj", "{008AB007-3F2D-4397-8400-4C77F8F47C83}"
EndProject
Project("{FAE04EC0-301F-11D3-BF4B-00C04F79EFBC}") = "PPA.Universal.ComAddIn", "Hosts\PPA.Universal.ComAddIn\PPA.Universal.ComAddIn.csproj", "{F815DD27-95FB-4896-A970-79041BD4C88C}"
EndProject
Global
	GlobalSection(SolutionConfigurationPlatforms) = preSolution
		Debug|Any CPU = Debug|Any CPU
		Debug|x64 = Debug|x64
		Debug|x86 = Debug|x86
		Release|Any CPU = Release|Any CPU
		Release|x64 = Release|x64
		Release|x86 = Release|x86
	EndGlobalSection
	GlobalSection(ProjectConfigurationPlatforms) = postSolution
		{8AA43F75-0CA6-491E-9B80-44240B914B43}.Debug|Any CPU.ActiveCfg = Debug|Any CPU
		{8AA43F75-0CA6-491E-9B80-44240B914B43}.Debug|Any CPU.Build.0 = Debug|Any CPU
		{8AA43F75-0CA6-491E-9B80-44240B914B43}.Debug|x64.ActiveCfg = Debug|Any CPU
		{8AA43F75-0CA6-491E-9B80-44240B914B43}.Debug|x64.Build.0 = Debug|Any CPU
		{8AA43F75-0CA6-491E-9B80-44240B914B43}.Debug|x86.ActiveCfg = Debug|Any CPU
		{8AA43F75-0CA6-491E-9B80-44240B914B43}.Debug|x86.Build.0 = Debug|Any CPU
		{8AA43F75-0CA6-491E-9B80-44240B914B43}.Release|Any CPU.ActiveCfg = Release|Any CPU
		{8AA43F75-0CA6-491E-9B80-44240B914B43}.Release|Any CPU.Build.0 = Release|Any CPU
		{8AA43F75-0CA6-491E-9B80-44240B914B43}.Release|x64.ActiveCfg = Release|Any CPU
		{8AA43F75-0CA6-491E-9B80-44240B914B43}.Release|x64.Build.0 = Release|Any CPU
		{8AA43F75-0CA6-491E-9B80-44240B914B43}.Release|x86.ActiveCfg = Release|Any CPU
		{8AA43F75-0CA6-491E-9B80-44240B914B43}.Release|x86.Build.0 = Release|Any CPU
		{B41EAEFE-6D62-48E9-8A6C-B5E804C324DF}.Debug|Any CPU.ActiveCfg = Debug|Any CPU
		{B41EAEFE-6D62-48E9-8A6C-B5E804C324DF}.Debug|Any CPU.Build.0 = Debug|Any CPU
		{B41EAEFE-6D62-48E9-8A6C-B5E804C324DF}.Debug|x64.ActiveCfg = Debug|Any CPU
		{B41EAEFE-6D62-48E9-8A6C-B5E804C324DF}.Debug|x64.Build.0 = Debug|Any CPU
		{B41EAEFE-6D62-48E9-8A6C-B5E804C324DF}.Debug|x86.ActiveCfg = Debug|Any CPU
		{B41EAEFE-6D62-48E9-8A6C-B5E804C324DF}.Debug|x86.Build.0 = Debug|Any CPU
		{B41EAEFE-6D62-48E9-8A6C-B5E804C324DF}.Release|Any CPU.ActiveCfg = Release|Any CPU
		{B41EAEFE-6D62-48E9-8A6C-B5E804C324DF}.Release|Any CPU.Build.0 = Release|Any CPU
		{B41EAEFE-6D62-48E9-8A6C-B5E804C324DF}.Release|x64.ActiveCfg = Release|Any CPU
		{B41EAEFE-6D62-48E9-8A6C-B5E804C324DF}.Release|x64.Build.0 = Release|Any CPU
		{B41EAEFE-6D62-48E9-8A6C-B5E804C324DF}.Release|x86.ActiveCfg = Release|Any CPU
		{B41EAEFE-6D62-48E9-8A6C-B5E804C324DF}.Release|x86.Build.0 = Release|Any CPU
		{080426A2-CC26-4402-8C22-230C5B1AB6D5}.Debug|Any CPU.ActiveCfg = Debug|Any CPU
		{080426A2-CC26-4402-8C22-230C5B1AB6D5}.Debug|Any CPU.Build.0 = Debug|Any CPU
		{080426A2-CC26-4402-8C22-230C5B1AB6D5}.Debug|x64.ActiveCfg = Debug|Any CPU
		{080426A2-CC26-4402-8C22-230C5B1AB6D5}.Debug|x64.Build.0 = Debug|Any CPU
		{080426A2-CC26-4402-8C22-230C5B1AB6D5}.Debug|x86.ActiveCfg = Debug|Any CPU
		{080426A2-CC26-4402-8C22-230C5B1AB6D5}.Debug|x86.Build.0 = Debug|Any CPU
		{080426A2-CC26-4402-8C22-230C5B1AB6D5}.Release|Any CPU.ActiveCfg = Release|Any CPU
		{080426A2-CC26-4402-8C22-230C5B1AB6D5}.Release|Any CPU.Build.0 = Release|Any CPU
		{080426A2-CC26-4402-8C22-230C5B1AB6D5}.Release|x64.ActiveCfg = Release|Any CPU
		{080426A2-CC26-4402-8C22-230C5B1AB6D5}.Release|x64.Build.0 = Release|Any CPU
		{080426A2-CC26-4402-8C22-230C5B1AB6D5}.Release|x86.ActiveCfg = Release|Any CPU
		{080426A2-CC26-4402-8C22-230C5B1AB6D5}.Release|x86.Build.0 = Release|Any CPU
		{9A65D098-BB5F-487F-B91A-4C782684CE85}.Debug|Any CPU.ActiveCfg = Debug|Any CPU
		{9A65D098-BB5F-487F-B91A-4C782684CE85}.Debug|Any CPU.Build.0 = Debug|Any CPU
		{9A65D098-BB5F-487F-B91A-4C782684CE85}.Debug|x64.ActiveCfg = Debug|Any CPU
		{9A65D098-BB5F-487F-B91A-4C782684CE85}.Debug|x64.Build.0 = Debug|Any CPU
		{9A65D098-BB5F-487F-B91A-4C782684CE85}.Debug|x86.ActiveCfg = Debug|Any CPU
		{9A65D098-BB5F-487F-B91A-4C782684CE85}.Debug|x86.Build.0 = Debug|Any CPU
		{9A65D098-BB5F-487F-B91A-4C782684CE85}.Release|Any CPU.ActiveCfg = Release|Any CPU
		{9A65D098-BB5F-487F-B91A-4C782684CE85}.Release|Any CPU.Build.0 = Release|Any CPU
		{9A65D098-BB5F-487F-B91A-4C782684CE85}.Release|x64.ActiveCfg = Release|Any CPU
		{9A65D098-BB5F-487F-B91A-4C782684CE85}.Release|x64.Build.0 = Release|Any CPU
		{9A65D098-BB5F-487F-B91A-4C782684CE85}.Release|x86.ActiveCfg = Release|Any CPU
		{9A65D098-BB5F-487F-B91A-4C782684CE85}.Release|x86.Build.0 = Release|Any CPU
		{008AB007-3F2D-4397-8400-4C77F8F47C83}.Debug|Any CPU.ActiveCfg = Debug|Any CPU
		{008AB007-3F2D-4397-8400-4C77F8F47C83}.Debug|Any CPU.Build.0 = Debug|Any CPU
		{008AB007-3F2D-4397-8400-4C77F8F47C83}.Debug|x64.ActiveCfg = Debug|Any CPU
		{008AB007-3F2D-4397-8400-4C77F8F47C83}.Debug|x64.Build.0 = Debug|Any CPU
		{008AB007-3F2D-4397-8400-4C77F8F47C83}.Debug|x86.ActiveCfg = Debug|Any CPU
		{008AB007-3F2D-4397-8400-4C77F8F47C83}.Debug|x86.Build.0 = Debug|Any CPU
		{008AB007-3F2D-4397-8400-4C77F8F47C83}.Release|Any CPU.ActiveCfg = Release|Any CPU
		{008AB007-3F2D-4397-8400-4C77F8F47C83}.Release|Any CPU.Build.0 = Release|Any CPU
		{008AB007-3F2D-4397-8400-4C77F8F47C83}.Release|x64.ActiveCfg = Release|Any CPU
		{008AB007-3F2D-4397-8400-4C77F8F47C83}.Release|x64.Build.0 = Release|Any CPU
		{008AB007-3F2D-4397-8400-4C77F8F47C83}.Release|x86.ActiveCfg = Release|Any CPU
		{008AB007-3F2D-4397-8400-4C77F8F47C83}.Release|x86.Build.0 = Release|Any CPU
		{F815DD27-95FB-4896-A970-79041BD4C88C}.Debug|Any CPU.ActiveCfg = Debug|Any CPU
		{F815DD27-95FB-4896-A970-79041BD4C88C}.Debug|Any CPU.Build.0 = Debug|Any CPU
		{F815DD27-95FB-4896-A970-79041BD4C88C}.Debug|x64.ActiveCfg = Debug|Any CPU
		{F815DD27-95FB-4896-A970-79041BD4C88C}.Debug|x64.Build.0 = Debug|Any CPU
		{F815DD27-95FB-4896-A970-79041BD4C88C}.Debug|x86.ActiveCfg = Debug|Any CPU
		{F815DD27-95FB-4896-A970-79041BD4C88C}.Debug|x86.Build.0 = Debug|Any CPU
		{F815DD27-95FB-4896-A970-79041BD4C88C}.Release|Any CPU.ActiveCfg = Release|Any CPU
		{F815DD27-95FB-4896-A970-79041BD4C88C}.Release|Any CPU.Build.0 = Release|Any CPU
		{F815DD27-95FB-4896-A970-79041BD4C88C}.Release|x64.ActiveCfg = Release|Any CPU
		{F815DD27-95FB-4896-A970-79041BD4C88C}.Release|x64.Build.0 = Release|Any CPU
		{F815DD27-95FB-4896-A970-79041BD4C88C}.Release|x86.ActiveCfg = Release|Any CPU
		{F815DD27-95FB-4896-A970-79041BD4C88C}.Release|x86.Build.0 = Release|Any CPU
	EndGlobalSection
	GlobalSection(SolutionProperties) = preSolution
		HideSolutionNode = FALSE
	EndGlobalSection
	GlobalSection(NestedProjects) = preSolution
		{8AA43F75-0CA6-491E-9B80-44240B914B43} = {FBF56CC3-7AE6-AD2D-3F14-7F97FD322CD6}
		{B41EAEFE-6D62-48E9-8A6C-B5E804C324DF} = {FBF56CC3-7AE6-AD2D-3F14-7F97FD322CD6}
		{080426A2-CC26-4402-8C22-230C5B1AB6D5} = {09DF2EE5-5FE7-3EC7-59CB-CAD7E0928979}
		{9A65D098-BB5F-487F-B91A-4C782684CE85} = {09DF2EE5-5FE7-3EC7-59CB-CAD7E0928979}
		{008AB007-3F2D-4397-8400-4C77F8F47C83} = {2F3EF1A3-B2B0-B28C-122D-FFB85167A4CE}
		{F815DD27-95FB-4896-A970-79041BD4C88C} = {2F3EF1A3-B2B0-B28C-122D-FFB85167A4CE}
	EndGlobalSection
EndGlobal
